<Solution>
  <Project Path="SmartServe.API/SmartServe.API.csproj" />
  <Project Path="SmartServe.Common/SmartServe.Common.csproj" />
  <Project Path="SmartServe.Domain/SmartServe.Domain.csproj" />
  <Project Path="SmartServe.EFCore/SmartServe.EFCore.csproj" />
  <Project Path="SmartServe.Resources/SmartServe.Resources.csproj" />
</Solution>
