<Solution>
  <Project Path="SmartServe.Application/SmartServe.Application.csproj" />
  <Project Path="SmartServe.Domain/SmartServe.Domain.csproj" />
  <Project Path="SmartServe.Infrastructure/SmartServe.Infrastructure.csproj" />
  <Project Path="SmartServe.Persistence/SmartServe.Persistence.csproj" />
  <Project Path="SmartServeAPI/SmartServe.API.csproj" />
</Solution>
